
Microsoft Visual Studio Solution File, Format Version 12.00
# Visual Studio Version 17
VisualStudioVersion = 17.0.31903.59
MinimumVisualStudioVersion = 10.0.40219.1
Project("{FAE04EC0-301F-11D3-BF4B-00C04F79EFBC}") = "Problem_02", "Problem_02.csproj", "{2AE6E062-10FA-49A6-9C86-9950AB58167D}"
EndProject
Global
	GlobalSection(SolutionConfigurationPlatforms) = preSolution
		Debug|Any CPU = Debug|Any CPU
		Release|Any CPU = Release|Any CPU
	EndGlobalSection
	GlobalSection(ProjectConfigurationPlatforms) = postSolution
		{2AE6E062-10FA-49A6-9C86-9950AB58167D}.Debug|Any CPU.ActiveCfg = Debug|Any CPU
		{2AE6E062-10FA-49A6-9C86-9950AB58167D}.Debug|Any CPU.Build.0 = Debug|Any CPU
		{2AE6E062-10FA-49A6-9C86-9950AB58167D}.Release|Any CPU.ActiveCfg = Release|Any CPU
		{2AE6E062-10FA-49A6-9C86-9950AB58167D}.Release|Any CPU.Build.0 = Release|Any CPU
	EndGlobalSection
	GlobalSection(SolutionProperties) = preSolution
		HideSolutionNode = FALSE
	EndGlobalSection
	GlobalSection(ExtensibilityGlobals) = postSolution
		SolutionGuid = {CBC611B7-1665-4CCD-B3D9-178F242C6A0C}
	EndGlobalSection
EndGlobal
