
Microsoft Visual Studio Solution File, Format Version 12.00
# Visual Studio Version 17
VisualStudioVersion = 17.0.32014.148
MinimumVisualStudioVersion = 10.0.40219.1
Project("{FAE04EC0-301F-11D3-BF4B-00C04F79EFBC}") = "FibonacciSequence", "FibonacciSequence.csproj", "{F00D87A6-71A2-4A60-9822-F1FC61131A11}"
EndProject
Global
	GlobalSection(SolutionConfigurationPlatforms) = preSolution
		Debug|Any CPU = Debug|Any CPU
		Release|Any CPU = Release|Any CPU
	EndGlobalSection
	GlobalSection(ProjectConfigurationPlatforms) = postSolution
		{F00D87A6-71A2-4A60-9822-F1FC61131A11}.Debug|Any CPU.ActiveCfg = Debug|Any CPU
		{F00D87A6-71A2-4A60-9822-F1FC61131A11}.Debug|Any CPU.Build.0 = Debug|Any CPU
		{F00D87A6-71A2-4A60-9822-F1FC61131A11}.Release|Any CPU.ActiveCfg = Release|Any CPU
		{F00D87A6-71A2-4A60-9822-F1FC61131A11}.Release|Any CPU.Build.0 = Release|Any CPU
	EndGlobalSection
	GlobalSection(SolutionProperties) = preSolution
		HideSolutionNode = FALSE
	EndGlobalSection
	GlobalSection(ExtensibilityGlobals) = postSolution
		SolutionGuid = {3C4AE47A-FFDE-4A16-9899-CDFF6ADA7A8C}
	EndGlobalSection
EndGlobal
